
Microsoft Visual Studio Solution File, Format Version 12.00
# Visual Studio Version 17
VisualStudioVersion = 17.7.34024.191
MinimumVisualStudioVersion = 10.0.40219.1
Project("{FAE04EC0-301F-11D3-BF4B-00C04F79EFBC}") = "Models", "Models\Models.csproj", "{47BBFECE-602E-4652-8090-CABE75EB0792}"
EndProject
Project("{9A19103F-16F7-4668-BE54-9A1E7A4F7556}") = "newShoreAPI", "newShoreAPI\newShoreAPI.csproj", "{B8CAD96F-EFEF-4137-822E-23A173B228EB}"
EndProject
Project("{FAE04EC0-301F-11D3-BF4B-00C04F79EFBC}") = "Business", "Business\Business.csproj", "{1206A0C5-C6E7-4A92-81B4-2C1FE0D5C8CC}"
EndProject
Project("{FAE04EC0-301F-11D3-BF4B-00C04F79EFBC}") = "Helper", "Helper\Helper.csproj", "{6084B03A-35AE-4A53-B318-DA0DDDF3AFAA}"
EndProject
Global
	GlobalSection(SolutionConfigurationPlatforms) = preSolution
		Debug|Any CPU = Debug|Any CPU
		Release|Any CPU = Release|Any CPU
	EndGlobalSection
	GlobalSection(ProjectConfigurationPlatforms) = postSolution
		{47BBFECE-602E-4652-8090-CABE75EB0792}.Debug|Any CPU.ActiveCfg = Debug|Any CPU
		{47BBFECE-602E-4652-8090-CABE75EB0792}.Debug|Any CPU.Build.0 = Debug|Any CPU
		{47BBFECE-602E-4652-8090-CABE75EB0792}.Release|Any CPU.ActiveCfg = Release|Any CPU
		{47BBFECE-602E-4652-8090-CABE75EB0792}.Release|Any CPU.Build.0 = Release|Any CPU
		{B8CAD96F-EFEF-4137-822E-23A173B228EB}.Debug|Any CPU.ActiveCfg = Debug|Any CPU
		{B8CAD96F-EFEF-4137-822E-23A173B228EB}.Debug|Any CPU.Build.0 = Debug|Any CPU
		{B8CAD96F-EFEF-4137-822E-23A173B228EB}.Release|Any CPU.ActiveCfg = Release|Any CPU
		{B8CAD96F-EFEF-4137-822E-23A173B228EB}.Release|Any CPU.Build.0 = Release|Any CPU
		{1206A0C5-C6E7-4A92-81B4-2C1FE0D5C8CC}.Debug|Any CPU.ActiveCfg = Debug|Any CPU
		{1206A0C5-C6E7-4A92-81B4-2C1FE0D5C8CC}.Debug|Any CPU.Build.0 = Debug|Any CPU
		{1206A0C5-C6E7-4A92-81B4-2C1FE0D5C8CC}.Release|Any CPU.ActiveCfg = Release|Any CPU
		{1206A0C5-C6E7-4A92-81B4-2C1FE0D5C8CC}.Release|Any CPU.Build.0 = Release|Any CPU
		{6084B03A-35AE-4A53-B318-DA0DDDF3AFAA}.Debug|Any CPU.ActiveCfg = Debug|Any CPU
		{6084B03A-35AE-4A53-B318-DA0DDDF3AFAA}.Debug|Any CPU.Build.0 = Debug|Any CPU
		{6084B03A-35AE-4A53-B318-DA0DDDF3AFAA}.Release|Any CPU.ActiveCfg = Release|Any CPU
		{6084B03A-35AE-4A53-B318-DA0DDDF3AFAA}.Release|Any CPU.Build.0 = Release|Any CPU
	EndGlobalSection
	GlobalSection(SolutionProperties) = preSolution
		HideSolutionNode = FALSE
	EndGlobalSection
	GlobalSection(ExtensibilityGlobals) = postSolution
		SolutionGuid = {5ABBB906-88C4-4A4F-AAE3-510C0ECE2DFB}
	EndGlobalSection
EndGlobal
